
Microsoft Visual Studio Solution File, Format Version 12.00
# Visual Studio 15
VisualStudioVersion = 15.0.28307.489
MinimumVisualStudioVersion = 10.0.40219.1
Project("{FAE04EC0-301F-11D3-BF4B-00C04F79EFBC}") = "ImageSimilarity", "ImageSimilarity\ImageSimilarity.csproj", "{B99FC3AD-E03F-4FE7-AC35-5B5EBD350765}"
EndProject
Global
	GlobalSection(SolutionConfigurationPlatforms) = preSolution
		Debug|Any CPU = Debug|Any CPU
		Release|Any CPU = Release|Any CPU
	EndGlobalSection
	GlobalSection(ProjectConfigurationPlatforms) = postSolution
		{B99FC3AD-E03F-4FE7-AC35-5B5EBD350765}.Debug|Any CPU.ActiveCfg = Debug|Any CPU
		{B99FC3AD-E03F-4FE7-AC35-5B5EBD350765}.Debug|Any CPU.Build.0 = Debug|Any CPU
		{B99FC3AD-E03F-4FE7-AC35-5B5EBD350765}.Release|Any CPU.ActiveCfg = Release|Any CPU
		{B99FC3AD-E03F-4FE7-AC35-5B5EBD350765}.Release|Any CPU.Build.0 = Release|Any CPU
	EndGlobalSection
	GlobalSection(SolutionProperties) = preSolution
		HideSolutionNode = FALSE
	EndGlobalSection
	GlobalSection(ExtensibilityGlobals) = postSolution
		SolutionGuid = {82915953-3059-4CA3-9D3A-AC0526CABB20}
	EndGlobalSection
EndGlobal
